
Microsoft Visual Studio Solution File, Format Version 12.00
# Visual Studio 14
VisualStudioVersion = 14.0.23107.0
MinimumVisualStudioVersion = 10.0.40219.1
Project("{FAE04EC0-301F-11D3-BF4B-00C04F79EFBC}") = "mysensei", "mysensei\mysensei.csproj", "{D58ABD70-E86B-4DC1-B189-C6EFA70F2638}"
EndProject
Global
	GlobalSection(SolutionConfigurationPlatforms) = preSolution
		Debug|Any CPU = Debug|Any CPU
		Release|Any CPU = Release|Any CPU
	EndGlobalSection
	GlobalSection(ProjectConfigurationPlatforms) = postSolution
		{D58ABD70-E86B-4DC1-B189-C6EFA70F2638}.Debug|Any CPU.ActiveCfg = Debug|Any CPU
		{D58ABD70-E86B-4DC1-B189-C6EFA70F2638}.Debug|Any CPU.Build.0 = Debug|Any CPU
		{D58ABD70-E86B-4DC1-B189-C6EFA70F2638}.Release|Any CPU.ActiveCfg = Release|Any CPU
		{D58ABD70-E86B-4DC1-B189-C6EFA70F2638}.Release|Any CPU.Build.0 = Release|Any CPU
	EndGlobalSection
	GlobalSection(SolutionProperties) = preSolution
		HideSolutionNode = FALSE
	EndGlobalSection
EndGlobal
